
Microsoft Visual Studio Solution File, Format Version 12.00
# Visual Studio Version 16
VisualStudioVersion = 16.0.30114.105
MinimumVisualStudioVersion = 10.0.40219.1
Project("{2150E333-8FDC-42A3-9474-1A3956D46DE8}") = "src", "src", "{950A00DC-AC8E-4647-8EBB-5F1A9813F7E8}"
EndProject
Project("{FAE04EC0-301F-11D3-BF4B-00C04F79EFBC}") = "Vulder.Admin.Api", "src\Vulder.Admin.Api\Vulder.Admin.Api.csproj", "{5C4D3B21-7F7C-4356-BE2D-2FE2FFCD1D39}"
EndProject
Project("{FAE04EC0-301F-11D3-BF4B-00C04F79EFBC}") = "Vulder.Admin.Application", "src\Vulder.Admin.Application\Vulder.Admin.Application.csproj", "{BD9EEBC8-D5C9-4C60-A439-4F12CF7847E3}"
EndProject
Project("{FAE04EC0-301F-11D3-BF4B-00C04F79EFBC}") = "Vulder.Admin.Core", "src\Vulder.Admin.Core\Vulder.Admin.Core.csproj", "{6849137D-4FB2-4BDE-B227-F8F75AE57DFF}"
EndProject
Project("{FAE04EC0-301F-11D3-BF4B-00C04F79EFBC}") = "Vulder.Admin.Infrastructure", "src\Vulder.Admin.Infrastructure\Vulder.Admin.Infrastructure.csproj", "{8B394030-78A9-47CE-A746-0BB35E95E4C1}"
EndProject
Project("{2150E333-8FDC-42A3-9474-1A3956D46DE8}") = "test", "test", "{AA9974E8-B750-4AC9-99E3-DEF83252E19B}"
EndProject
Project("{FAE04EC0-301F-11D3-BF4B-00C04F79EFBC}") = "Vulder.Admin.IntegrationTests", "test\Vulder.Admin.IntegrationTests\Vulder.Admin.IntegrationTests.csproj", "{F38D5B98-986F-4926-B49B-FF40A979E1D0}"
EndProject
Project("{FAE04EC0-301F-11D3-BF4B-00C04F79EFBC}") = "Vulder.Admin.UnitTests", "test\Vulder.Admin.UnitTests\Vulder.Admin.UnitTests.csproj", "{C98F4857-0BF0-4033-8D39-40727B00C074}"
EndProject
Global
	GlobalSection(SolutionConfigurationPlatforms) = preSolution
		Debug|Any CPU = Debug|Any CPU
		Release|Any CPU = Release|Any CPU
	EndGlobalSection
	GlobalSection(SolutionProperties) = preSolution
		HideSolutionNode = FALSE
	EndGlobalSection
	GlobalSection(ProjectConfigurationPlatforms) = postSolution
		{5C4D3B21-7F7C-4356-BE2D-2FE2FFCD1D39}.Debug|Any CPU.ActiveCfg = Debug|Any CPU
		{5C4D3B21-7F7C-4356-BE2D-2FE2FFCD1D39}.Debug|Any CPU.Build.0 = Debug|Any CPU
		{5C4D3B21-7F7C-4356-BE2D-2FE2FFCD1D39}.Release|Any CPU.ActiveCfg = Release|Any CPU
		{5C4D3B21-7F7C-4356-BE2D-2FE2FFCD1D39}.Release|Any CPU.Build.0 = Release|Any CPU
		{BD9EEBC8-D5C9-4C60-A439-4F12CF7847E3}.Debug|Any CPU.ActiveCfg = Debug|Any CPU
		{BD9EEBC8-D5C9-4C60-A439-4F12CF7847E3}.Debug|Any CPU.Build.0 = Debug|Any CPU
		{BD9EEBC8-D5C9-4C60-A439-4F12CF7847E3}.Release|Any CPU.ActiveCfg = Release|Any CPU
		{BD9EEBC8-D5C9-4C60-A439-4F12CF7847E3}.Release|Any CPU.Build.0 = Release|Any CPU
		{6849137D-4FB2-4BDE-B227-F8F75AE57DFF}.Debug|Any CPU.ActiveCfg = Debug|Any CPU
		{6849137D-4FB2-4BDE-B227-F8F75AE57DFF}.Debug|Any CPU.Build.0 = Debug|Any CPU
		{6849137D-4FB2-4BDE-B227-F8F75AE57DFF}.Release|Any CPU.ActiveCfg = Release|Any CPU
		{6849137D-4FB2-4BDE-B227-F8F75AE57DFF}.Release|Any CPU.Build.0 = Release|Any CPU
		{8B394030-78A9-47CE-A746-0BB35E95E4C1}.Debug|Any CPU.ActiveCfg = Debug|Any CPU
		{8B394030-78A9-47CE-A746-0BB35E95E4C1}.Debug|Any CPU.Build.0 = Debug|Any CPU
		{8B394030-78A9-47CE-A746-0BB35E95E4C1}.Release|Any CPU.ActiveCfg = Release|Any CPU
		{8B394030-78A9-47CE-A746-0BB35E95E4C1}.Release|Any CPU.Build.0 = Release|Any CPU
		{F38D5B98-986F-4926-B49B-FF40A979E1D0}.Debug|Any CPU.ActiveCfg = Debug|Any CPU
		{F38D5B98-986F-4926-B49B-FF40A979E1D0}.Debug|Any CPU.Build.0 = Debug|Any CPU
		{F38D5B98-986F-4926-B49B-FF40A979E1D0}.Release|Any CPU.ActiveCfg = Release|Any CPU
		{F38D5B98-986F-4926-B49B-FF40A979E1D0}.Release|Any CPU.Build.0 = Release|Any CPU
		{C98F4857-0BF0-4033-8D39-40727B00C074}.Debug|Any CPU.ActiveCfg = Debug|Any CPU
		{C98F4857-0BF0-4033-8D39-40727B00C074}.Debug|Any CPU.Build.0 = Debug|Any CPU
		{C98F4857-0BF0-4033-8D39-40727B00C074}.Release|Any CPU.ActiveCfg = Release|Any CPU
		{C98F4857-0BF0-4033-8D39-40727B00C074}.Release|Any CPU.Build.0 = Release|Any CPU
	EndGlobalSection
	GlobalSection(NestedProjects) = preSolution
		{5C4D3B21-7F7C-4356-BE2D-2FE2FFCD1D39} = {950A00DC-AC8E-4647-8EBB-5F1A9813F7E8}
		{BD9EEBC8-D5C9-4C60-A439-4F12CF7847E3} = {950A00DC-AC8E-4647-8EBB-5F1A9813F7E8}
		{6849137D-4FB2-4BDE-B227-F8F75AE57DFF} = {950A00DC-AC8E-4647-8EBB-5F1A9813F7E8}
		{8B394030-78A9-47CE-A746-0BB35E95E4C1} = {950A00DC-AC8E-4647-8EBB-5F1A9813F7E8}
		{F38D5B98-986F-4926-B49B-FF40A979E1D0} = {AA9974E8-B750-4AC9-99E3-DEF83252E19B}
		{C98F4857-0BF0-4033-8D39-40727B00C074} = {AA9974E8-B750-4AC9-99E3-DEF83252E19B}
	EndGlobalSection
EndGlobal
